
Microsoft Visual Studio Solution File, Format Version 12.00
# Visual Studio Version 16
VisualStudioVersion = 16.0.29806.167
MinimumVisualStudioVersion = 10.0.40219.1
Project("{FAE04EC0-301F-11D3-BF4B-00C04F79EFBC}") = "TRPO", "TRPO\TRPO.csproj", "{72E04B89-6515-4621-B2BB-F63FE01E805D}"
EndProject
Global
	GlobalSection(SolutionConfigurationPlatforms) = preSolution
		Debug|Any CPU = Debug|Any CPU
		Release|Any CPU = Release|Any CPU
	EndGlobalSection
	GlobalSection(ProjectConfigurationPlatforms) = postSolution
		{72E04B89-6515-4621-B2BB-F63FE01E805D}.Debug|Any CPU.ActiveCfg = Debug|Any CPU
		{72E04B89-6515-4621-B2BB-F63FE01E805D}.Debug|Any CPU.Build.0 = Debug|Any CPU
		{72E04B89-6515-4621-B2BB-F63FE01E805D}.Release|Any CPU.ActiveCfg = Release|Any CPU
		{72E04B89-6515-4621-B2BB-F63FE01E805D}.Release|Any CPU.Build.0 = Release|Any CPU
	EndGlobalSection
	GlobalSection(SolutionProperties) = preSolution
		HideSolutionNode = FALSE
	EndGlobalSection
	GlobalSection(ExtensibilityGlobals) = postSolution
		SolutionGuid = {89C9E262-5FAF-4671-8F6A-35ACBBE2480C}
	EndGlobalSection
EndGlobal
